
Microsoft Visual Studio Solution File, Format Version 12.00
# Visual Studio Version 16
VisualStudioVersion = 16.0.30804.86
MinimumVisualStudioVersion = 10.0.40219.1
Project("{FAE04EC0-301F-11D3-BF4B-00C04F79EFBC}") = "TransactionStorage.API", "TransactionStorage\TransactionStorage.API.csproj", "{F7533C63-CA46-45FC-B334-8C538B3EE907}"
EndProject
Global
	GlobalSection(SolutionConfigurationPlatforms) = preSolution
		Debug|Any CPU = Debug|Any CPU
		Release|Any CPU = Release|Any CPU
	EndGlobalSection
	GlobalSection(ProjectConfigurationPlatforms) = postSolution
		{F7533C63-CA46-45FC-B334-8C538B3EE907}.Debug|Any CPU.ActiveCfg = Debug|Any CPU
		{F7533C63-CA46-45FC-B334-8C538B3EE907}.Debug|Any CPU.Build.0 = Debug|Any CPU
		{F7533C63-CA46-45FC-B334-8C538B3EE907}.Release|Any CPU.ActiveCfg = Release|Any CPU
		{F7533C63-CA46-45FC-B334-8C538B3EE907}.Release|Any CPU.Build.0 = Release|Any CPU
	EndGlobalSection
	GlobalSection(SolutionProperties) = preSolution
		HideSolutionNode = FALSE
	EndGlobalSection
	GlobalSection(ExtensibilityGlobals) = postSolution
		SolutionGuid = {D708AC0B-7F46-4E3A-A066-F3860FFA3C9C}
	EndGlobalSection
EndGlobal
