
Microsoft Visual Studio Solution File, Format Version 12.00
# Visual Studio Version 16
VisualStudioVersion = 16.0.30804.86
MinimumVisualStudioVersion = 10.0.40219.1
Project("{9A19103F-16F7-4668-BE54-9A1E7A4F7556}") = "TransactionStorage.API", "TransactionStorage\TransactionStorage.API.csproj", "{F7533C63-CA46-45FC-B334-8C538B3EE907}"
EndProject
Project("{9A19103F-16F7-4668-BE54-9A1E7A4F7556}") = "TransactionStorage.Service", "TransactionStorage.Service\TransactionStorage.Service.csproj", "{0446E032-EC61-4E2F-A0FC-EA018CAF7C67}"
EndProject
Project("{9A19103F-16F7-4668-BE54-9A1E7A4F7556}") = "TransactionStorage.Data", "TransactionStorage.Data\TransactionStorage.Data.csproj", "{8FBC8672-E201-41DB-8286-F45C3B3B0500}"
EndProject
Project("{FAE04EC0-301F-11D3-BF4B-00C04F79EFBC}") = "TransactionStorage.Tests", "TransactionStorage.Tests\TransactionStorage.Tests.csproj", "{4461E573-605B-4844-815A-6D000E7B85DB}"
EndProject
Global
	GlobalSection(SolutionConfigurationPlatforms) = preSolution
		Debug|Any CPU = Debug|Any CPU
		Release|Any CPU = Release|Any CPU
	EndGlobalSection
	GlobalSection(ProjectConfigurationPlatforms) = postSolution
		{F7533C63-CA46-45FC-B334-8C538B3EE907}.Debug|Any CPU.ActiveCfg = Debug|Any CPU
		{F7533C63-CA46-45FC-B334-8C538B3EE907}.Debug|Any CPU.Build.0 = Debug|Any CPU
		{F7533C63-CA46-45FC-B334-8C538B3EE907}.Release|Any CPU.ActiveCfg = Release|Any CPU
		{F7533C63-CA46-45FC-B334-8C538B3EE907}.Release|Any CPU.Build.0 = Release|Any CPU
		{0446E032-EC61-4E2F-A0FC-EA018CAF7C67}.Debug|Any CPU.ActiveCfg = Debug|Any CPU
		{0446E032-EC61-4E2F-A0FC-EA018CAF7C67}.Debug|Any CPU.Build.0 = Debug|Any CPU
		{0446E032-EC61-4E2F-A0FC-EA018CAF7C67}.Release|Any CPU.ActiveCfg = Release|Any CPU
		{0446E032-EC61-4E2F-A0FC-EA018CAF7C67}.Release|Any CPU.Build.0 = Release|Any CPU
		{8FBC8672-E201-41DB-8286-F45C3B3B0500}.Debug|Any CPU.ActiveCfg = Debug|Any CPU
		{8FBC8672-E201-41DB-8286-F45C3B3B0500}.Debug|Any CPU.Build.0 = Debug|Any CPU
		{8FBC8672-E201-41DB-8286-F45C3B3B0500}.Release|Any CPU.ActiveCfg = Release|Any CPU
		{8FBC8672-E201-41DB-8286-F45C3B3B0500}.Release|Any CPU.Build.0 = Release|Any CPU
		{4461E573-605B-4844-815A-6D000E7B85DB}.Debug|Any CPU.ActiveCfg = Debug|Any CPU
		{4461E573-605B-4844-815A-6D000E7B85DB}.Debug|Any CPU.Build.0 = Debug|Any CPU
		{4461E573-605B-4844-815A-6D000E7B85DB}.Release|Any CPU.ActiveCfg = Release|Any CPU
		{4461E573-605B-4844-815A-6D000E7B85DB}.Release|Any CPU.Build.0 = Release|Any CPU
	EndGlobalSection
	GlobalSection(SolutionProperties) = preSolution
		HideSolutionNode = FALSE
	EndGlobalSection
	GlobalSection(ExtensibilityGlobals) = postSolution
		SolutionGuid = {D708AC0B-7F46-4E3A-A066-F3860FFA3C9C}
	EndGlobalSection
EndGlobal
